// !$*UTF8*$!
{
	archiveVersion = 1;
	classes = {
	};
	objectVersion = 46;
	objects = {

/* Begin PBXBuildFile section */
		272FAD431CA8C471006D06D8 /* main.m in Sources */ = {isa = PBXBuildFile; fileRef = 272FAD421CA8C471006D06D8 /* main.m */; };
		272FAD461CA8C471006D06D8 /* AppDelegate.m in Sources */ = {isa = PBXBuildFile; fileRef = 272FAD451CA8C471006D06D8 /* AppDelegate.m */; };
		272FAD491CA8C472006D06D8 /* ViewController.m in Sources */ = {isa = PBXBuildFile; fileRef = 272FAD481CA8C472006D06D8 /* ViewController.m */; };
		272FAD4C1CA8C472006D06D8 /* Main.storyboard in Resources */ = {isa = PBXBuildFile; fileRef = 272FAD4A1CA8C472006D06D8 /* Main.storyboard */; };
		272FAD4E1CA8C472006D06D8 /* Assets.xcassets in Resources */ = {isa = PBXBuildFile; fileRef = 272FAD4D1CA8C472006D06D8 /* Assets.xcassets */; };
		272FAD511CA8C472006D06D8 /* LaunchScreen.storyboard in Resources */ = {isa = PBXBuildFile; fileRef = 272FAD4F1CA8C472006D06D8 /* LaunchScreen.storyboard */; };
		272FAD5A1CA8C85D006D06D8 /* C1.m in Sources */ = {isa = PBXBuildFile; fileRef = 272FAD591CA8C85D006D06D8 /* C1.m */; };
/* End PBXBuildFile section */

/* Begin PBXFileReference section */
		272FAD3E1CA8C471006D06D8 /* CellTest.app */ = {isa = PBXFileReference; explicitFileType = wrapper.application; includeInIndex = 0; path = CellTest.app; sourceTree = BUILT_PRODUCTS_DIR; };
		272FAD421CA8C471006D06D8 /* main.m */ = {isa = PBXFileReference; lastKnownFileType = sourcecode.c.objc; path = main.m; sourceTree = "<group>"; };
		272FAD441CA8C471006D06D8 /* AppDelegate.h */ = {isa = PBXFileReference; lastKnownFileType = sourcecode.c.h; path = AppDelegate.h; sourceTree = "<group>"; };
		272FAD451CA8C471006D06D8 /* AppDelegate.m */ = {isa = PBXFileReference; lastKnownFileType = sourcecode.c.objc; path = AppDelegate.m; sourceTree = "<group>"; };
		272FAD471CA8C472006D06D8 /* ViewController.h */ = {isa = PBXFileReference; lastKnownFileType = sourcecode.c.h; path = ViewController.h; sourceTree = "<group>"; };
		272FAD481CA8C472006D06D8 /* ViewController.m */ = {isa = PBXFileReference; lastKnownFileType = sourcecode.c.objc; path = ViewController.m; sourceTree = "<group>"; };
		272FAD4B1CA8C472006D06D8 /* Base */ = {isa = PBXFileReference; lastKnownFileType = file.storyboard; name = Base; path = Base.lproj/Main.storyboard; sourceTree = "<group>"; };
		272FAD4D1CA8C472006D06D8 /* Assets.xcassets */ = {isa = PBXFileReference; lastKnownFileType = folder.assetcatalog; path = Assets.xcassets; sourceTree = "<group>"; };
		272FAD501CA8C472006D06D8 /* Base */ = {isa = PBXFileReference; lastKnownFileType = file.storyboard; name = Base; path = Base.lproj/LaunchScreen.storyboard; sourceTree = "<group>"; };
		272FAD521CA8C472006D06D8 /* Info.plist */ = {isa = PBXFileReference; lastKnownFileType = text.plist.xml; path = Info.plist; sourceTree = "<group>"; };
		272FAD581CA8C85D006D06D8 /* C1.h */ = {isa = PBXFileReference; fileEncoding = 4; lastKnownFileType = sourcecode.c.h; path = C1.h; sourceTree = "<group>"; };
		272FAD591CA8C85D006D06D8 /* C1.m */ = {isa = PBXFileReference; fileEncoding = 4; lastKnownFileType = sourcecode.c.objc; path = C1.m; sourceTree = "<group>"; };
/* End PBXFileReference section */

/* Begin PBXFrameworksBuildPhase section */
		272FAD3B1CA8C471006D06D8 /* Frameworks */ = {
			isa = PBXFrameworksBuildPhase;
			buildActionMask = 2147483647;
			files = (
			);
			runOnlyForDeploymentPostprocessing = 0;
		};
/* End PBXFrameworksBuildPhase section */

/* Begin PBXGroup section */
		272FAD351CA8C471006D06D8 = {
			isa = PBXGroup;
			children = (
				272FAD401CA8C471006D06D8 /* CellTest */,
				272FAD3F1CA8C471006D06D8 /* Products */,
			);
			sourceTree = "<group>";
		};
		272FAD3F1CA8C471006D06D8 /* Products */ = {
			isa = PBXGroup;
			children = (
				272FAD3E1CA8C471006D06D8 /* CellTest.app */,
			);
			name = Products;
			sourceTree = "<group>";
		};
		272FAD401CA8C471006D06D8 /* CellTest */ = {
			isa = PBXGroup;
			children = (
				272FAD441CA8C471006D06D8 /* AppDelegate.h */,
				272FAD451CA8C471006D06D8 /* AppDelegate.m */,
				272FAD471CA8C472006D06D8 /* ViewController.h */,
				272FAD481CA8C472006D06D8 /* ViewController.m */,
				272FAD581CA8C85D006D06D8 /* C1.h */,
				272FAD591CA8C85D006D06D8 /* C1.m */,
				272FAD4A1CA8C472006D06D8 /* Main.storyboard */,
				272FAD4D1CA8C472006D06D8 /* Assets.xcassets */,
				272FAD4F1CA8C472006D06D8 /* LaunchScreen.storyboard */,
				272FAD521CA8C472006D06D8 /* Info.plist */,
				272FAD411CA8C471006D06D8 /* Supporting Files */,
			);
			path = CellTest;
			sourceTree = "<group>";
		};
		272FAD411CA8C471006D06D8 /* Supporting Files */ = {
			isa = PBXGroup;
			children = (
				272FAD421CA8C471006D06D8 /* main.m */,
			);
			name = "Supporting Files";
			sourceTree = "<group>";
		};
/* End PBXGroup section */

/* Begin PBXNativeTarget section */
		272FAD3D1CA8C471006D06D8 /* CellTest */ = {
			isa = PBXNativeTarget;
			buildConfigurationList = 272FAD551CA8C472006D06D8 /* Build configuration list for PBXNativeTarget "CellTest" */;
			buildPhases = (
				272FAD3A1CA8C471006D06D8 /* Sources */,
				272FAD3B1CA8C471006D06D8 /* Frameworks */,
				272FAD3C1CA8C471006D06D8 /* Resources */,
			);
			buildRules = (
			);
			dependencies = (
			);
			name = CellTest;
			productName = CellTest;
			productReference = 272FAD3E1CA8C471006D06D8 /* CellTest.app */;
			productType = "com.apple.product-type.application";
		};
/* End PBXNativeTarget section */

/* Begin PBXProject section */
		272FAD361CA8C471006D06D8 /* Project object */ = {
			isa = PBXProject;
			attributes = {
				LastUpgradeCheck = 0720;
				ORGANIZATIONNAME = weiwend;
				TargetAttributes = {
					272FAD3D1CA8C471006D06D8 = {
						CreatedOnToolsVersion = 7.2.1;
					};
				};
			};
			buildConfigurationList = 272FAD391CA8C471006D06D8 /* Build configuration list for PBXProject "CellTest" */;
			compatibilityVersion = "Xcode 3.2";
			developmentRegion = English;
			hasScannedForEncodings = 0;
			knownRegions = (
				en,
				Base,
			);
			mainGroup = 272FAD351CA8C471006D06D8;
			productRefGroup = 272FAD3F1CA8C471006D06D8 /* Products */;
			projectDirPath = "";
			projectRoot = "";
			targets = (
				272FAD3D1CA8C471006D06D8 /* CellTest */,
			);
		};
/* End PBXProject section */

/* Begin PBXResourcesBuildPhase section */
		272FAD3C1CA8C471006D06D8 /* Resources */ = {
			isa = PBXResourcesBuildPhase;
			buildActionMask = 2147483647;
			files = (
				272FAD511CA8C472006D06D8 /* LaunchScreen.storyboard in Resources */,
				272FAD4E1CA8C472006D06D8 /* Assets.xcassets in Resources */,
				272FAD4C1CA8C472006D06D8 /* Main.storyboard in Resources */,
			);
			runOnlyForDeploymentPostprocessing = 0;
		};
/* End PBXResourcesBuildPhase section */

/* Begin PBXSourcesBuildPhase section */
		272FAD3A1CA8C471006D06D8 /* Sources */ = {
			isa = PBXSourcesBuildPhase;
			buildActionMask = 2147483647;
			files = (
				272FAD491CA8C472006D06D8 /* ViewController.m in Sources */,
				272FAD461CA8C471006D06D8 /* AppDelegate.m in Sources */,
				272FAD431CA8C471006D06D8 /* main.m in Sources */,
				272FAD5A1CA8C85D006D06D8 /* C1.m in Sources */,
			);
			runOnlyForDeploymentPostprocessing = 0;
		};
/* End PBXSourcesBuildPhase section */

/* Begin PBXVariantGroup section */
		272FAD4A1CA8C472006D06D8 /* Main.storyboard */ = {
			isa = PBXVariantGroup;
			children = (
				272FAD4B1CA8C472006D06D8 /* Base */,
			);
			name = Main.storyboard;
			sourceTree = "<group>";
		};
		272FAD4F1CA8C472006D06D8 /* LaunchScreen.storyboard */ = {
			isa = PBXVariantGroup;
			children = (
				272FAD501CA8C472006D06D8 /* Base */,
			);
			name = LaunchScreen.storyboard;
			sourceTree = "<group>";
		};
/* End PBXVariantGroup section */

/* Begin XCBuildConfiguration section */
		272FAD531CA8C472006D06D8 /* Debug */ = {
			isa = XCBuildConfiguration;
			buildSettings = {
				ALWAYS_SEARCH_USER_PATHS = NO;
				CLANG_CXX_LANGUAGE_STANDARD = "gnu++0x";
				CLANG_CXX_LIBRARY = "libc++";
				CLANG_ENABLE_MODULES = YES;
				CLANG_ENABLE_OBJC_ARC = YES;
				CLANG_WARN_BOOL_CONVERSION = YES;
				CLANG_WARN_CONSTANT_CONVERSION = YES;
				CLANG_WARN_DIRECT_OBJC_ISA_USAGE = YES_ERROR;
				CLANG_WARN_EMPTY_BODY = YES;
				CLANG_WARN_ENUM_CONVERSION = YES;
				CLANG_WARN_INT_CONVERSION = YES;
				CLANG_WARN_OBJC_ROOT_CLASS = YES_ERROR;
				CLANG_WARN_UNREACHABLE_CODE = YES;
				CLANG_WARN__DUPLICATE_METHOD_MATCH = YES;
				"CODE_SIGN_IDENTITY[sdk=iphoneos*]" = "iPhone Developer";
				COPY_PHASE_STRIP = NO;
				DEBUG_INFORMATION_FORMAT = dwarf;
				ENABLE_STRICT_OBJC_MSGSEND = YES;
				ENABLE_TESTABILITY = YES;
				GCC_C_LANGUAGE_STANDARD = gnu99;
				GCC_DYNAMIC_NO_PIC = NO;
				GCC_NO_COMMON_BLOCKS = YES;
				GCC_OPTIMIZATION_LEVEL = 0;
				GCC_PREPROCESSOR_DEFINITIONS = (
					"DEBUG=1",
					"$(inherited)",
				);
				GCC_WARN_64_TO_32_BIT_CONVERSION = YES;
				GCC_WARN_ABOUT_RETURN_TYPE = YES_ERROR;
				GCC_WARN_UNDECLARED_SELECTOR = YES;
				GCC_WARN_UNINITIALIZED_AUTOS = YES_AGGRESSIVE;
				GCC_WARN_UNUSED_FUNCTION = YES;
				GCC_WARN_UNUSED_VARIABLE = YES;
				IPHONEOS_DEPLOYMENT_TARGET = 9.2;
				MTL_ENABLE_DEBUG_INFO = YES;
				ONLY_ACTIVE_ARCH = YES;
				SDKROOT = iphoneos;
			};
			name = Debug;
		};
		272FAD541CA8C472006D06D8 /* Release */ = {
			isa = XCBuildConfiguration;
			buildSettings = {
				ALWAYS_SEARCH_USER_PATHS = NO;
				CLANG_CXX_LANGUAGE_STANDARD = "gnu++0x";
				CLANG_CXX_LIBRARY = "libc++";
				CLANG_ENABLE_MODULES = YES;
				CLANG_ENABLE_OBJC_ARC = YES;
				CLANG_WARN_BOOL_CONVERSION = YES;
				CLANG_WARN_CONSTANT_CONVERSION = YES;
				CLANG_WARN_DIRECT_OBJC_ISA_USAGE = YES_ERROR;
				CLANG_WARN_EMPTY_BODY = YES;
				CLANG_WARN_ENUM_CONVERSION = YES;
				CLANG_WARN_INT_CONVERSION = YES;
				CLANG_WARN_OBJC_ROOT_CLASS = YES_ERROR;
				CLANG_WARN_UNREACHABLE_CODE = YES;
				CLANG_WARN__DUPLICATE_METHOD_MATCH = YES;
				"CODE_SIGN_IDENTITY[sdk=iphoneos*]" = "iPhone Developer";
				COPY_PHASE_STRIP = NO;
				DEBUG_INFORMATION_FORMAT = "dwarf-with-dsym";
				ENABLE_NS_ASSERTIONS = NO;
				ENABLE_STRICT_OBJC_MSGSEND = YES;
				GCC_C_LANGUAGE_STANDARD = gnu99;
				GCC_NO_COMMON_BLOCKS = YES;
				GCC_WARN_64_TO_32_BIT_CONVERSION = YES;
				GCC_WARN_ABOUT_RETURN_TYPE = YES_ERROR;
				GCC_WARN_UNDECLARED_SELECTOR = YES;
				GCC_WARN_UNINITIALIZED_AUTOS = YES_AGGRESSIVE;
				GCC_WARN_UNUSED_FUNCTION = YES;
				GCC_WARN_UNUSED_VARIABLE = YES;
				IPHONEOS_DEPLOYMENT_TARGET = 9.2;
				MTL_ENABLE_DEBUG_INFO = NO;
				SDKROOT = iphoneos;
				VALIDATE_PRODUCT = YES;
			};
			name = Release;
		};
		272FAD561CA8C472006D06D8 /* Debug */ = {
			isa = XCBuildConfiguration;
			buildSettings = {
				ASSETCATALOG_COMPILER_APPICON_NAME = AppIcon;
				INFOPLIST_FILE = CellTest/Info.plist;
				LD_RUNPATH_SEARCH_PATHS = "$(inherited) @executable_path/Frameworks";
				PRODUCT_BUNDLE_IDENTIFIER = com.weiwend.CellTest;
				PRODUCT_NAME = "$(TARGET_NAME)";
			};
			name = Debug;
		};
		272FAD571CA8C472006D06D8 /* Release */ = {
			isa = XCBuildConfiguration;
			buildSettings = {
				ASSETCATALOG_COMPILER_APPICON_NAME = AppIcon;
				INFOPLIST_FILE = CellTest/Info.plist;
				LD_RUNPATH_SEARCH_PATHS = "$(inherited) @executable_path/Frameworks";
				PRODUCT_BUNDLE_IDENTIFIER = com.weiwend.CellTest;
				PRODUCT_NAME = "$(TARGET_NAME)";
			};
			name = Release;
		};
/* End XCBuildConfiguration section */

/* Begin XCConfigurationList section */
		272FAD391CA8C471006D06D8 /* Build configuration list for PBXProject "CellTest" */ = {
			isa = XCConfigurationList;
			buildConfigurations = (
				272FAD531CA8C472006D06D8 /* Debug */,
				272FAD541CA8C472006D06D8 /* Release */,
			);
			defaultConfigurationIsVisible = 0;
			defaultConfigurationName = Release;
		};
		272FAD551CA8C472006D06D8 /* Build configuration list for PBXNativeTarget "CellTest" */ = {
			isa = XCConfigurationList;
			buildConfigurations = (
				272FAD561CA8C472006D06D8 /* Debug */,
				272FAD571CA8C472006D06D8 /* Release */,
			);
			defaultConfigurationIsVisible = 0;
		};
/* End XCConfigurationList section */
	};
	rootObject = 272FAD361CA8C471006D06D8 /* Project object */;
}
